// !$*UTF8*$!
{
	archiveVersion = 1;
	classes = {
	};
	objectVersion = 56;
	objects = {

/* Begin PBXBuildFile section */
		63B2486228E4326600A481F6 /* missions.json in Resources */ = {isa = PBXBuildFile; fileRef = 63B2486028E4326600A481F6 /* missions.json */; };
		63B2486328E4326600A481F6 /* astronauts.json in Resources */ = {isa = PBXBuildFile; fileRef = 63B2486128E4326600A481F6 /* astronauts.json */; };
		63B2486528E432C100A481F6 /* Astronaut.swift in Sources */ = {isa = PBXBuildFile; fileRef = 63B2486428E432C100A481F6 /* Astronaut.swift */; };
		63B2486728E4333600A481F6 /* Bundle-Decodable.swift in Sources */ = {isa = PBXBuildFile; fileRef = 63B2486628E4333500A481F6 /* Bundle-Decodable.swift */; };
		63B2486928E435DB00A481F6 /* Mission.swift in Sources */ = {isa = PBXBuildFile; fileRef = 63B2486828E435DB00A481F6 /* Mission.swift */; };
		63B2486B28E4ABD100A481F6 /* Color-Theme.swift in Sources */ = {isa = PBXBuildFile; fileRef = 63B2486A28E4ABD100A481F6 /* Color-Theme.swift */; };
		63B2486D28E4AF5600A481F6 /* MissionView.swift in Sources */ = {isa = PBXBuildFile; fileRef = 63B2486C28E4AF5600A481F6 /* MissionView.swift */; };
		63C1CAA728E5A43F004D8DAA /* AstronautView.swift in Sources */ = {isa = PBXBuildFile; fileRef = 63C1CAA628E5A43F004D8DAA /* AstronautView.swift */; };
		63C1CAA928E5A86E004D8DAA /* HorizontalCrew.swift in Sources */ = {isa = PBXBuildFile; fileRef = 63C1CAA828E5A86E004D8DAA /* HorizontalCrew.swift */; };
		63F4660F28E373180033090E /* MoonshotAppApp.swift in Sources */ = {isa = PBXBuildFile; fileRef = 63F4660E28E373180033090E /* MoonshotAppApp.swift */; };
		63F4661128E373180033090E /* ContentView.swift in Sources */ = {isa = PBXBuildFile; fileRef = 63F4661028E373180033090E /* ContentView.swift */; };
		63F4661328E3731A0033090E /* Assets.xcassets in Resources */ = {isa = PBXBuildFile; fileRef = 63F4661228E3731A0033090E /* Assets.xcassets */; };
		63F4661628E3731A0033090E /* Preview Assets.xcassets in Resources */ = {isa = PBXBuildFile; fileRef = 63F4661528E3731A0033090E /* Preview Assets.xcassets */; };
/* End PBXBuildFile section */

/* Begin PBXFileReference section */
		63B2486028E4326600A481F6 /* missions.json */ = {isa = PBXFileReference; fileEncoding = 4; lastKnownFileType = text.json; path = missions.json; sourceTree = "<group>"; };
		63B2486128E4326600A481F6 /* astronauts.json */ = {isa = PBXFileReference; fileEncoding = 4; lastKnownFileType = text.json; path = astronauts.json; sourceTree = "<group>"; };
		63B2486428E432C100A481F6 /* Astronaut.swift */ = {isa = PBXFileReference; lastKnownFileType = sourcecode.swift; path = Astronaut.swift; sourceTree = "<group>"; };
		63B2486628E4333500A481F6 /* Bundle-Decodable.swift */ = {isa = PBXFileReference; lastKnownFileType = sourcecode.swift; path = "Bundle-Decodable.swift"; sourceTree = "<group>"; };
		63B2486828E435DB00A481F6 /* Mission.swift */ = {isa = PBXFileReference; lastKnownFileType = sourcecode.swift; path = Mission.swift; sourceTree = "<group>"; };
		63B2486A28E4ABD100A481F6 /* Color-Theme.swift */ = {isa = PBXFileReference; lastKnownFileType = sourcecode.swift; path = "Color-Theme.swift"; sourceTree = "<group>"; };
		63B2486C28E4AF5600A481F6 /* MissionView.swift */ = {isa = PBXFileReference; lastKnownFileType = sourcecode.swift; path = MissionView.swift; sourceTree = "<group>"; };
		63C1CAA628E5A43F004D8DAA /* AstronautView.swift */ = {isa = PBXFileReference; lastKnownFileType = sourcecode.swift; path = AstronautView.swift; sourceTree = "<group>"; };
		63C1CAA828E5A86E004D8DAA /* HorizontalCrew.swift */ = {isa = PBXFileReference; lastKnownFileType = sourcecode.swift; path = HorizontalCrew.swift; sourceTree = "<group>"; };
		63F4660B28E373180033090E /* MoonshotApp.app */ = {isa = PBXFileReference; explicitFileType = wrapper.application; includeInIndex = 0; path = MoonshotApp.app; sourceTree = BUILT_PRODUCTS_DIR; };
		63F4660E28E373180033090E /* MoonshotAppApp.swift */ = {isa = PBXFileReference; lastKnownFileType = sourcecode.swift; path = MoonshotAppApp.swift; sourceTree = "<group>"; };
		63F4661028E373180033090E /* ContentView.swift */ = {isa = PBXFileReference; lastKnownFileType = sourcecode.swift; path = ContentView.swift; sourceTree = "<group>"; };
		63F4661228E3731A0033090E /* Assets.xcassets */ = {isa = PBXFileReference; lastKnownFileType = folder.assetcatalog; path = Assets.xcassets; sourceTree = "<group>"; };
		63F4661528E3731A0033090E /* Preview Assets.xcassets */ = {isa = PBXFileReference; lastKnownFileType = folder.assetcatalog; path = "Preview Assets.xcassets"; sourceTree = "<group>"; };
/* End PBXFileReference section */

/* Begin PBXFrameworksBuildPhase section */
		63F4660828E373180033090E /* Frameworks */ = {
			isa = PBXFrameworksBuildPhase;
			buildActionMask = 2147483647;
			files = (
			);
			runOnlyForDeploymentPostprocessing = 0;
		};
/* End PBXFrameworksBuildPhase section */

/* Begin PBXGroup section */
		63F4660228E373180033090E = {
			isa = PBXGroup;
			children = (
				63F4660D28E373180033090E /* MoonshotApp */,
				63F4660C28E373180033090E /* Products */,
			);
			sourceTree = "<group>";
		};
		63F4660C28E373180033090E /* Products */ = {
			isa = PBXGroup;
			children = (
				63F4660B28E373180033090E /* MoonshotApp.app */,
			);
			name = Products;
			sourceTree = "<group>";
		};
		63F4660D28E373180033090E /* MoonshotApp */ = {
			isa = PBXGroup;
			children = (
				63B2486128E4326600A481F6 /* astronauts.json */,
				63B2486028E4326600A481F6 /* missions.json */,
				63B2486428E432C100A481F6 /* Astronaut.swift */,
				63B2486628E4333500A481F6 /* Bundle-Decodable.swift */,
				63F4660E28E373180033090E /* MoonshotAppApp.swift */,
				63F4661028E373180033090E /* ContentView.swift */,
				63B2486C28E4AF5600A481F6 /* MissionView.swift */,
				63C1CAA828E5A86E004D8DAA /* HorizontalCrew.swift */,
				63C1CAA628E5A43F004D8DAA /* AstronautView.swift */,
				63B2486A28E4ABD100A481F6 /* Color-Theme.swift */,
				63B2486828E435DB00A481F6 /* Mission.swift */,
				63F4661228E3731A0033090E /* Assets.xcassets */,
				63F4661428E3731A0033090E /* Preview Content */,
			);
			path = MoonshotApp;
			sourceTree = "<group>";
		};
		63F4661428E3731A0033090E /* Preview Content */ = {
			isa = PBXGroup;
			children = (
				63F4661528E3731A0033090E /* Preview Assets.xcassets */,
			);
			path = "Preview Content";
			sourceTree = "<group>";
		};
/* End PBXGroup section */

/* Begin PBXNativeTarget section */
		63F4660A28E373180033090E /* MoonshotApp */ = {
			isa = PBXNativeTarget;
			buildConfigurationList = 63F4661928E3731A0033090E /* Build configuration list for PBXNativeTarget "MoonshotApp" */;
			buildPhases = (
				63F4660728E373180033090E /* Sources */,
				63F4660828E373180033090E /* Frameworks */,
				63F4660928E373180033090E /* Resources */,
			);
			buildRules = (
			);
			dependencies = (
			);
			name = MoonshotApp;
			productName = MoonshotApp;
			productReference = 63F4660B28E373180033090E /* MoonshotApp.app */;
			productType = "com.apple.product-type.application";
		};
/* End PBXNativeTarget section */

/* Begin PBXProject section */
		63F4660328E373180033090E /* Project object */ = {
			isa = PBXProject;
			attributes = {
				BuildIndependentTargetsInParallel = 1;
				LastSwiftUpdateCheck = 1400;
				LastUpgradeCheck = 1400;
				TargetAttributes = {
					63F4660A28E373180033090E = {
						CreatedOnToolsVersion = 14.0.1;
					};
				};
			};
			buildConfigurationList = 63F4660628E373180033090E /* Build configuration list for PBXProject "MoonshotApp" */;
			compatibilityVersion = "Xcode 14.0";
			developmentRegion = en;
			hasScannedForEncodings = 0;
			knownRegions = (
				en,
				Base,
			);
			mainGroup = 63F4660228E373180033090E;
			productRefGroup = 63F4660C28E373180033090E /* Products */;
			projectDirPath = "";
			projectRoot = "";
			targets = (
				63F4660A28E373180033090E /* MoonshotApp */,
			);
		};
/* End PBXProject section */

/* Begin PBXResourcesBuildPhase section */
		63F4660928E373180033090E /* Resources */ = {
			isa = PBXResourcesBuildPhase;
			buildActionMask = 2147483647;
			files = (
				63F4661628E3731A0033090E /* Preview Assets.xcassets in Resources */,
				63B2486228E4326600A481F6 /* missions.json in Resources */,
				63F4661328E3731A0033090E /* Assets.xcassets in Resources */,
				63B2486328E4326600A481F6 /* astronauts.json in Resources */,
			);
			runOnlyForDeploymentPostprocessing = 0;
		};
/* End PBXResourcesBuildPhase section */

/* Begin PBXSourcesBuildPhase section */
		63F4660728E373180033090E /* Sources */ = {
			isa = PBXSourcesBuildPhase;
			buildActionMask = 2147483647;
			files = (
				63B2486D28E4AF5600A481F6 /* MissionView.swift in Sources */,
				63B2486528E432C100A481F6 /* Astronaut.swift in Sources */,
				63C1CAA728E5A43F004D8DAA /* AstronautView.swift in Sources */,
				63B2486B28E4ABD100A481F6 /* Color-Theme.swift in Sources */,
				63F4661128E373180033090E /* ContentView.swift in Sources */,
				63F4660F28E373180033090E /* MoonshotAppApp.swift in Sources */,
				63B2486928E435DB00A481F6 /* Mission.swift in Sources */,
				63C1CAA928E5A86E004D8DAA /* HorizontalCrew.swift in Sources */,
				63B2486728E4333600A481F6 /* Bundle-Decodable.swift in Sources */,
			);
			runOnlyForDeploymentPostprocessing = 0;
		};
/* End PBXSourcesBuildPhase section */

/* Begin XCBuildConfiguration section */
		63F4661728E3731A0033090E /* Debug */ = {
			isa = XCBuildConfiguration;
			buildSettings = {
				ALWAYS_SEARCH_USER_PATHS = NO;
				CLANG_ANALYZER_NONNULL = YES;
				CLANG_ANALYZER_NUMBER_OBJECT_CONVERSION = YES_AGGRESSIVE;
				CLANG_CXX_LANGUAGE_STANDARD = "gnu++20";
				CLANG_ENABLE_MODULES = YES;
				CLANG_ENABLE_OBJC_ARC = YES;
				CLANG_ENABLE_OBJC_WEAK = YES;
				CLANG_WARN_BLOCK_CAPTURE_AUTORELEASING = YES;
				CLANG_WARN_BOOL_CONVERSION = YES;
				CLANG_WARN_COMMA = YES;
				CLANG_WARN_CONSTANT_CONVERSION = YES;
				CLANG_WARN_DEPRECATED_OBJC_IMPLEMENTATIONS = YES;
				CLANG_WARN_DIRECT_OBJC_ISA_USAGE = YES_ERROR;
				CLANG_WARN_DOCUMENTATION_COMMENTS = YES;
				CLANG_WARN_EMPTY_BODY = YES;
				CLANG_WARN_ENUM_CONVERSION = YES;
				CLANG_WARN_INFINITE_RECURSION = YES;
				CLANG_WARN_INT_CONVERSION = YES;
				CLANG_WARN_NON_LITERAL_NULL_CONVERSION = YES;
				CLANG_WARN_OBJC_IMPLICIT_RETAIN_SELF = YES;
				CLANG_WARN_OBJC_LITERAL_CONVERSION = YES;
				CLANG_WARN_OBJC_ROOT_CLASS = YES_ERROR;
				CLANG_WARN_QUOTED_INCLUDE_IN_FRAMEWORK_HEADER = YES;
				CLANG_WARN_RANGE_LOOP_ANALYSIS = YES;
				CLANG_WARN_STRICT_PROTOTYPES = YES;
				CLANG_WARN_SUSPICIOUS_MOVE = YES;
				CLANG_WARN_UNGUARDED_AVAILABILITY = YES_AGGRESSIVE;
				CLANG_WARN_UNREACHABLE_CODE = YES;
				CLANG_WARN__DUPLICATE_METHOD_MATCH = YES;
				COPY_PHASE_STRIP = NO;
				DEBUG_INFORMATION_FORMAT = dwarf;
				ENABLE_STRICT_OBJC_MSGSEND = YES;
				ENABLE_TESTABILITY = YES;
				GCC_C_LANGUAGE_STANDARD = gnu11;
				GCC_DYNAMIC_NO_PIC = NO;
				GCC_NO_COMMON_BLOCKS = YES;
				GCC_OPTIMIZATION_LEVEL = 0;
				GCC_PREPROCESSOR_DEFINITIONS = (
					"DEBUG=1",
					"$(inherited)",
				);
				GCC_WARN_64_TO_32_BIT_CONVERSION = YES;
				GCC_WARN_ABOUT_RETURN_TYPE = YES_ERROR;
				GCC_WARN_UNDECLARED_SELECTOR = YES;
				GCC_WARN_UNINITIALIZED_AUTOS = YES_AGGRESSIVE;
				GCC_WARN_UNUSED_FUNCTION = YES;
				GCC_WARN_UNUSED_VARIABLE = YES;
				IPHONEOS_DEPLOYMENT_TARGET = 16.0;
				MTL_ENABLE_DEBUG_INFO = INCLUDE_SOURCE;
				MTL_FAST_MATH = YES;
				ONLY_ACTIVE_ARCH = YES;
				SDKROOT = iphoneos;
				SWIFT_ACTIVE_COMPILATION_CONDITIONS = DEBUG;
				SWIFT_OPTIMIZATION_LEVEL = "-Onone";
			};
			name = Debug;
		};
		63F4661828E3731A0033090E /* Release */ = {
			isa = XCBuildConfiguration;
			buildSettings = {
				ALWAYS_SEARCH_USER_PATHS = NO;
				CLANG_ANALYZER_NONNULL = YES;
				CLANG_ANALYZER_NUMBER_OBJECT_CONVERSION = YES_AGGRESSIVE;
				CLANG_CXX_LANGUAGE_STANDARD = "gnu++20";
				CLANG_ENABLE_MODULES = YES;
				CLANG_ENABLE_OBJC_ARC = YES;
				CLANG_ENABLE_OBJC_WEAK = YES;
				CLANG_WARN_BLOCK_CAPTURE_AUTORELEASING = YES;
				CLANG_WARN_BOOL_CONVERSION = YES;
				CLANG_WARN_COMMA = YES;
				CLANG_WARN_CONSTANT_CONVERSION = YES;
				CLANG_WARN_DEPRECATED_OBJC_IMPLEMENTATIONS = YES;
				CLANG_WARN_DIRECT_OBJC_ISA_USAGE = YES_ERROR;
				CLANG_WARN_DOCUMENTATION_COMMENTS = YES;
				CLANG_WARN_EMPTY_BODY = YES;
				CLANG_WARN_ENUM_CONVERSION = YES;
				CLANG_WARN_INFINITE_RECURSION = YES;
				CLANG_WARN_INT_CONVERSION = YES;
				CLANG_WARN_NON_LITERAL_NULL_CONVERSION = YES;
				CLANG_WARN_OBJC_IMPLICIT_RETAIN_SELF = YES;
				CLANG_WARN_OBJC_LITERAL_CONVERSION = YES;
				CLANG_WARN_OBJC_ROOT_CLASS = YES_ERROR;
				CLANG_WARN_QUOTED_INCLUDE_IN_FRAMEWORK_HEADER = YES;
				CLANG_WARN_RANGE_LOOP_ANALYSIS = YES;
				CLANG_WARN_STRICT_PROTOTYPES = YES;
				CLANG_WARN_SUSPICIOUS_MOVE = YES;
				CLANG_WARN_UNGUARDED_AVAILABILITY = YES_AGGRESSIVE;
				CLANG_WARN_UNREACHABLE_CODE = YES;
				CLANG_WARN__DUPLICATE_METHOD_MATCH = YES;
				COPY_PHASE_STRIP = NO;
				DEBUG_INFORMATION_FORMAT = "dwarf-with-dsym";
				ENABLE_NS_ASSERTIONS = NO;
				ENABLE_STRICT_OBJC_MSGSEND = YES;
				GCC_C_LANGUAGE_STANDARD = gnu11;
				GCC_NO_COMMON_BLOCKS = YES;
				GCC_WARN_64_TO_32_BIT_CONVERSION = YES;
				GCC_WARN_ABOUT_RETURN_TYPE = YES_ERROR;
				GCC_WARN_UNDECLARED_SELECTOR = YES;
				GCC_WARN_UNINITIALIZED_AUTOS = YES_AGGRESSIVE;
				GCC_WARN_UNUSED_FUNCTION = YES;
				GCC_WARN_UNUSED_VARIABLE = YES;
				IPHONEOS_DEPLOYMENT_TARGET = 16.0;
				MTL_ENABLE_DEBUG_INFO = NO;
				MTL_FAST_MATH = YES;
				SDKROOT = iphoneos;
				SWIFT_COMPILATION_MODE = wholemodule;
				SWIFT_OPTIMIZATION_LEVEL = "-O";
				VALIDATE_PRODUCT = YES;
			};
			name = Release;
		};
		63F4661A28E3731A0033090E /* Debug */ = {
			isa = XCBuildConfiguration;
			buildSettings = {
				ASSETCATALOG_COMPILER_APPICON_NAME = AppIcon;
				ASSETCATALOG_COMPILER_GLOBAL_ACCENT_COLOR_NAME = AccentColor;
				CODE_SIGN_STYLE = Automatic;
				CURRENT_PROJECT_VERSION = 1;
				DEVELOPMENT_ASSET_PATHS = "\"MoonshotApp/Preview Content\"";
				DEVELOPMENT_TEAM = 9DJG9ZKFSE;
				ENABLE_PREVIEWS = YES;
				GENERATE_INFOPLIST_FILE = YES;
				INFOPLIST_KEY_UIApplicationSceneManifest_Generation = YES;
				INFOPLIST_KEY_UIApplicationSupportsIndirectInputEvents = YES;
				INFOPLIST_KEY_UILaunchScreen_Generation = YES;
				INFOPLIST_KEY_UISupportedInterfaceOrientations_iPad = "UIInterfaceOrientationPortrait UIInterfaceOrientationPortraitUpsideDown UIInterfaceOrientationLandscapeLeft UIInterfaceOrientationLandscapeRight";
				INFOPLIST_KEY_UISupportedInterfaceOrientations_iPhone = "UIInterfaceOrientationPortrait UIInterfaceOrientationLandscapeLeft UIInterfaceOrientationLandscapeRight";
				LD_RUNPATH_SEARCH_PATHS = (
					"$(inherited)",
					"@executable_path/Frameworks",
				);
				MARKETING_VERSION = 1.0;
				PRODUCT_BUNDLE_IDENTIFIER = com.tonycapelli.MoonshotApp;
				PRODUCT_NAME = "$(TARGET_NAME)";
				SWIFT_EMIT_LOC_STRINGS = YES;
				SWIFT_VERSION = 5.0;
				TARGETED_DEVICE_FAMILY = "1,2";
			};
			name = Debug;
		};
		63F4661B28E3731A0033090E /* Release */ = {
			isa = XCBuildConfiguration;
			buildSettings = {
				ASSETCATALOG_COMPILER_APPICON_NAME = AppIcon;
				ASSETCATALOG_COMPILER_GLOBAL_ACCENT_COLOR_NAME = AccentColor;
				CODE_SIGN_STYLE = Automatic;
				CURRENT_PROJECT_VERSION = 1;
				DEVELOPMENT_ASSET_PATHS = "\"MoonshotApp/Preview Content\"";
				DEVELOPMENT_TEAM = 9DJG9ZKFSE;
				ENABLE_PREVIEWS = YES;
				GENERATE_INFOPLIST_FILE = YES;
				INFOPLIST_KEY_UIApplicationSceneManifest_Generation = YES;
				INFOPLIST_KEY_UIApplicationSupportsIndirectInputEvents = YES;
				INFOPLIST_KEY_UILaunchScreen_Generation = YES;
				INFOPLIST_KEY_UISupportedInterfaceOrientations_iPad = "UIInterfaceOrientationPortrait UIInterfaceOrientationPortraitUpsideDown UIInterfaceOrientationLandscapeLeft UIInterfaceOrientationLandscapeRight";
				INFOPLIST_KEY_UISupportedInterfaceOrientations_iPhone = "UIInterfaceOrientationPortrait UIInterfaceOrientationLandscapeLeft UIInterfaceOrientationLandscapeRight";
				LD_RUNPATH_SEARCH_PATHS = (
					"$(inherited)",
					"@executable_path/Frameworks",
				);
				MARKETING_VERSION = 1.0;
				PRODUCT_BUNDLE_IDENTIFIER = com.tonycapelli.MoonshotApp;
				PRODUCT_NAME = "$(TARGET_NAME)";
				SWIFT_EMIT_LOC_STRINGS = YES;
				SWIFT_VERSION = 5.0;
				TARGETED_DEVICE_FAMILY = "1,2";
			};
			name = Release;
		};
/* End XCBuildConfiguration section */

/* Begin XCConfigurationList section */
		63F4660628E373180033090E /* Build configuration list for PBXProject "MoonshotApp" */ = {
			isa = XCConfigurationList;
			buildConfigurations = (
				63F4661728E3731A0033090E /* Debug */,
				63F4661828E3731A0033090E /* Release */,
			);
			defaultConfigurationIsVisible = 0;
			defaultConfigurationName = Release;
		};
		63F4661928E3731A0033090E /* Build configuration list for PBXNativeTarget "MoonshotApp" */ = {
			isa = XCConfigurationList;
			buildConfigurations = (
				63F4661A28E3731A0033090E /* Debug */,
				63F4661B28E3731A0033090E /* Release */,
			);
			defaultConfigurationIsVisible = 0;
			defaultConfigurationName = Release;
		};
/* End XCConfigurationList section */
	};
	rootObject = 63F4660328E373180033090E /* Project object */;
}
