// !$*UTF8*$!
{
	archiveVersion = 1;
	classes = {
	};
	objectVersion = 56;
	objects = {

/* Begin PBXBuildFile section */
		636D352D28EC5761004057BA /* DataController.swift in Sources */ = {isa = PBXBuildFile; fileRef = 636D352C28EC5761004057BA /* DataController.swift */; };
		638A47A228EC837500C26581 /* ProvaData.xcdatamodeld in Sources */ = {isa = PBXBuildFile; fileRef = 638A47A028EC837500C26581 /* ProvaData.xcdatamodeld */; };
		638A47A728EC844800C26581 /* CachedFriend+CoreDataClass.swift in Sources */ = {isa = PBXBuildFile; fileRef = 638A47A328EC844800C26581 /* CachedFriend+CoreDataClass.swift */; };
		638A47A828EC844800C26581 /* CachedFriend+CoreDataProperties.swift in Sources */ = {isa = PBXBuildFile; fileRef = 638A47A428EC844800C26581 /* CachedFriend+CoreDataProperties.swift */; };
		638A47A928EC844800C26581 /* CachedUser+CoreDataClass.swift in Sources */ = {isa = PBXBuildFile; fileRef = 638A47A528EC844800C26581 /* CachedUser+CoreDataClass.swift */; };
		638A47AA28EC844800C26581 /* CachedUser+CoreDataProperties.swift in Sources */ = {isa = PBXBuildFile; fileRef = 638A47A628EC844800C26581 /* CachedUser+CoreDataProperties.swift */; };
		63E8EF8A28EB485B00C56599 /* UserFriendApp.swift in Sources */ = {isa = PBXBuildFile; fileRef = 63E8EF8928EB485B00C56599 /* UserFriendApp.swift */; };
		63E8EF8C28EB485B00C56599 /* ContentView.swift in Sources */ = {isa = PBXBuildFile; fileRef = 63E8EF8B28EB485B00C56599 /* ContentView.swift */; };
		63E8EF8E28EB485C00C56599 /* Assets.xcassets in Resources */ = {isa = PBXBuildFile; fileRef = 63E8EF8D28EB485C00C56599 /* Assets.xcassets */; };
		63E8EF9128EB485C00C56599 /* Preview Assets.xcassets in Resources */ = {isa = PBXBuildFile; fileRef = 63E8EF9028EB485C00C56599 /* Preview Assets.xcassets */; };
		63E8EF9828EB49C600C56599 /* User.swift in Sources */ = {isa = PBXBuildFile; fileRef = 63E8EF9728EB49C600C56599 /* User.swift */; };
		63E8EF9C28EB556A00C56599 /* DetailView.swift in Sources */ = {isa = PBXBuildFile; fileRef = 63E8EF9B28EB556A00C56599 /* DetailView.swift */; };
		63F5026128EBAAB30096752E /* FriendView.swift in Sources */ = {isa = PBXBuildFile; fileRef = 63F5026028EBAAB30096752E /* FriendView.swift */; };
/* End PBXBuildFile section */

/* Begin PBXFileReference section */
		636D352C28EC5761004057BA /* DataController.swift */ = {isa = PBXFileReference; lastKnownFileType = sourcecode.swift; path = DataController.swift; sourceTree = "<group>"; };
		638A47A128EC837500C26581 /* UserFriend.xcdatamodel */ = {isa = PBXFileReference; lastKnownFileType = wrapper.xcdatamodel; path = UserFriend.xcdatamodel; sourceTree = "<group>"; };
		638A47A328EC844800C26581 /* CachedFriend+CoreDataClass.swift */ = {isa = PBXFileReference; lastKnownFileType = sourcecode.swift; path = "CachedFriend+CoreDataClass.swift"; sourceTree = "<group>"; };
		638A47A428EC844800C26581 /* CachedFriend+CoreDataProperties.swift */ = {isa = PBXFileReference; lastKnownFileType = sourcecode.swift; path = "CachedFriend+CoreDataProperties.swift"; sourceTree = "<group>"; };
		638A47A528EC844800C26581 /* CachedUser+CoreDataClass.swift */ = {isa = PBXFileReference; lastKnownFileType = sourcecode.swift; path = "CachedUser+CoreDataClass.swift"; sourceTree = "<group>"; };
		638A47A628EC844800C26581 /* CachedUser+CoreDataProperties.swift */ = {isa = PBXFileReference; lastKnownFileType = sourcecode.swift; path = "CachedUser+CoreDataProperties.swift"; sourceTree = "<group>"; };
		63E8EF8628EB485B00C56599 /* UserFriend.app */ = {isa = PBXFileReference; explicitFileType = wrapper.application; includeInIndex = 0; path = UserFriend.app; sourceTree = BUILT_PRODUCTS_DIR; };
		63E8EF8928EB485B00C56599 /* UserFriendApp.swift */ = {isa = PBXFileReference; lastKnownFileType = sourcecode.swift; path = UserFriendApp.swift; sourceTree = "<group>"; };
		63E8EF8B28EB485B00C56599 /* ContentView.swift */ = {isa = PBXFileReference; lastKnownFileType = sourcecode.swift; path = ContentView.swift; sourceTree = "<group>"; };
		63E8EF8D28EB485C00C56599 /* Assets.xcassets */ = {isa = PBXFileReference; lastKnownFileType = folder.assetcatalog; path = Assets.xcassets; sourceTree = "<group>"; };
		63E8EF9028EB485C00C56599 /* Preview Assets.xcassets */ = {isa = PBXFileReference; lastKnownFileType = folder.assetcatalog; path = "Preview Assets.xcassets"; sourceTree = "<group>"; };
		63E8EF9728EB49C600C56599 /* User.swift */ = {isa = PBXFileReference; lastKnownFileType = sourcecode.swift; path = User.swift; sourceTree = "<group>"; };
		63E8EF9B28EB556A00C56599 /* DetailView.swift */ = {isa = PBXFileReference; lastKnownFileType = sourcecode.swift; path = DetailView.swift; sourceTree = "<group>"; };
		63F5026028EBAAB30096752E /* FriendView.swift */ = {isa = PBXFileReference; lastKnownFileType = sourcecode.swift; path = FriendView.swift; sourceTree = "<group>"; };
/* End PBXFileReference section */

/* Begin PBXFrameworksBuildPhase section */
		63E8EF8328EB485B00C56599 /* Frameworks */ = {
			isa = PBXFrameworksBuildPhase;
			buildActionMask = 2147483647;
			files = (
			);
			runOnlyForDeploymentPostprocessing = 0;
		};
/* End PBXFrameworksBuildPhase section */

/* Begin PBXGroup section */
		63E8EF7D28EB485B00C56599 = {
			isa = PBXGroup;
			children = (
				638A47A328EC844800C26581 /* CachedFriend+CoreDataClass.swift */,
				638A47A428EC844800C26581 /* CachedFriend+CoreDataProperties.swift */,
				638A47A528EC844800C26581 /* CachedUser+CoreDataClass.swift */,
				638A47A628EC844800C26581 /* CachedUser+CoreDataProperties.swift */,
				63E8EF8828EB485B00C56599 /* UserFriend */,
				63E8EF8728EB485B00C56599 /* Products */,
			);
			sourceTree = "<group>";
		};
		63E8EF8728EB485B00C56599 /* Products */ = {
			isa = PBXGroup;
			children = (
				63E8EF8628EB485B00C56599 /* UserFriend.app */,
			);
			name = Products;
			sourceTree = "<group>";
		};
		63E8EF8828EB485B00C56599 /* UserFriend */ = {
			isa = PBXGroup;
			children = (
				638A47A028EC837500C26581 /* ProvaData.xcdatamodeld */,
				63E8EF8928EB485B00C56599 /* UserFriendApp.swift */,
				63E8EF8B28EB485B00C56599 /* ContentView.swift */,
				636D352C28EC5761004057BA /* DataController.swift */,
				63E8EF9B28EB556A00C56599 /* DetailView.swift */,
				63F5026028EBAAB30096752E /* FriendView.swift */,
				63E8EF9728EB49C600C56599 /* User.swift */,
				63E8EF8D28EB485C00C56599 /* Assets.xcassets */,
				63E8EF8F28EB485C00C56599 /* Preview Content */,
			);
			path = UserFriend;
			sourceTree = "<group>";
		};
		63E8EF8F28EB485C00C56599 /* Preview Content */ = {
			isa = PBXGroup;
			children = (
				63E8EF9028EB485C00C56599 /* Preview Assets.xcassets */,
			);
			path = "Preview Content";
			sourceTree = "<group>";
		};
/* End PBXGroup section */

/* Begin PBXNativeTarget section */
		63E8EF8528EB485B00C56599 /* UserFriend */ = {
			isa = PBXNativeTarget;
			buildConfigurationList = 63E8EF9428EB485C00C56599 /* Build configuration list for PBXNativeTarget "UserFriend" */;
			buildPhases = (
				63E8EF8228EB485B00C56599 /* Sources */,
				63E8EF8328EB485B00C56599 /* Frameworks */,
				63E8EF8428EB485B00C56599 /* Resources */,
			);
			buildRules = (
			);
			dependencies = (
			);
			name = UserFriend;
			productName = UserFriend;
			productReference = 63E8EF8628EB485B00C56599 /* UserFriend.app */;
			productType = "com.apple.product-type.application";
		};
/* End PBXNativeTarget section */

/* Begin PBXProject section */
		63E8EF7E28EB485B00C56599 /* Project object */ = {
			isa = PBXProject;
			attributes = {
				BuildIndependentTargetsInParallel = 1;
				LastSwiftUpdateCheck = 1400;
				LastUpgradeCheck = 1400;
				TargetAttributes = {
					63E8EF8528EB485B00C56599 = {
						CreatedOnToolsVersion = 14.0.1;
					};
				};
			};
			buildConfigurationList = 63E8EF8128EB485B00C56599 /* Build configuration list for PBXProject "UserFriend" */;
			compatibilityVersion = "Xcode 14.0";
			developmentRegion = en;
			hasScannedForEncodings = 0;
			knownRegions = (
				en,
				Base,
			);
			mainGroup = 63E8EF7D28EB485B00C56599;
			productRefGroup = 63E8EF8728EB485B00C56599 /* Products */;
			projectDirPath = "";
			projectRoot = "";
			targets = (
				63E8EF8528EB485B00C56599 /* UserFriend */,
			);
		};
/* End PBXProject section */

/* Begin PBXResourcesBuildPhase section */
		63E8EF8428EB485B00C56599 /* Resources */ = {
			isa = PBXResourcesBuildPhase;
			buildActionMask = 2147483647;
			files = (
				63E8EF9128EB485C00C56599 /* Preview Assets.xcassets in Resources */,
				63E8EF8E28EB485C00C56599 /* Assets.xcassets in Resources */,
			);
			runOnlyForDeploymentPostprocessing = 0;
		};
/* End PBXResourcesBuildPhase section */

/* Begin PBXSourcesBuildPhase section */
		63E8EF8228EB485B00C56599 /* Sources */ = {
			isa = PBXSourcesBuildPhase;
			buildActionMask = 2147483647;
			files = (
				63E8EF9828EB49C600C56599 /* User.swift in Sources */,
				638A47A828EC844800C26581 /* CachedFriend+CoreDataProperties.swift in Sources */,
				638A47AA28EC844800C26581 /* CachedUser+CoreDataProperties.swift in Sources */,
				638A47A228EC837500C26581 /* ProvaData.xcdatamodeld in Sources */,
				63E8EF8C28EB485B00C56599 /* ContentView.swift in Sources */,
				636D352D28EC5761004057BA /* DataController.swift in Sources */,
				63E8EF8A28EB485B00C56599 /* UserFriendApp.swift in Sources */,
				638A47A928EC844800C26581 /* CachedUser+CoreDataClass.swift in Sources */,
				63F5026128EBAAB30096752E /* FriendView.swift in Sources */,
				638A47A728EC844800C26581 /* CachedFriend+CoreDataClass.swift in Sources */,
				63E8EF9C28EB556A00C56599 /* DetailView.swift in Sources */,
			);
			runOnlyForDeploymentPostprocessing = 0;
		};
/* End PBXSourcesBuildPhase section */

/* Begin XCBuildConfiguration section */
		63E8EF9228EB485C00C56599 /* Debug */ = {
			isa = XCBuildConfiguration;
			buildSettings = {
				ALWAYS_SEARCH_USER_PATHS = NO;
				CLANG_ANALYZER_NONNULL = YES;
				CLANG_ANALYZER_NUMBER_OBJECT_CONVERSION = YES_AGGRESSIVE;
				CLANG_CXX_LANGUAGE_STANDARD = "gnu++20";
				CLANG_ENABLE_MODULES = YES;
				CLANG_ENABLE_OBJC_ARC = YES;
				CLANG_ENABLE_OBJC_WEAK = YES;
				CLANG_WARN_BLOCK_CAPTURE_AUTORELEASING = YES;
				CLANG_WARN_BOOL_CONVERSION = YES;
				CLANG_WARN_COMMA = YES;
				CLANG_WARN_CONSTANT_CONVERSION = YES;
				CLANG_WARN_DEPRECATED_OBJC_IMPLEMENTATIONS = YES;
				CLANG_WARN_DIRECT_OBJC_ISA_USAGE = YES_ERROR;
				CLANG_WARN_DOCUMENTATION_COMMENTS = YES;
				CLANG_WARN_EMPTY_BODY = YES;
				CLANG_WARN_ENUM_CONVERSION = YES;
				CLANG_WARN_INFINITE_RECURSION = YES;
				CLANG_WARN_INT_CONVERSION = YES;
				CLANG_WARN_NON_LITERAL_NULL_CONVERSION = YES;
				CLANG_WARN_OBJC_IMPLICIT_RETAIN_SELF = YES;
				CLANG_WARN_OBJC_LITERAL_CONVERSION = YES;
				CLANG_WARN_OBJC_ROOT_CLASS = YES_ERROR;
				CLANG_WARN_QUOTED_INCLUDE_IN_FRAMEWORK_HEADER = YES;
				CLANG_WARN_RANGE_LOOP_ANALYSIS = YES;
				CLANG_WARN_STRICT_PROTOTYPES = YES;
				CLANG_WARN_SUSPICIOUS_MOVE = YES;
				CLANG_WARN_UNGUARDED_AVAILABILITY = YES_AGGRESSIVE;
				CLANG_WARN_UNREACHABLE_CODE = YES;
				CLANG_WARN__DUPLICATE_METHOD_MATCH = YES;
				COPY_PHASE_STRIP = NO;
				DEBUG_INFORMATION_FORMAT = dwarf;
				ENABLE_STRICT_OBJC_MSGSEND = YES;
				ENABLE_TESTABILITY = YES;
				GCC_C_LANGUAGE_STANDARD = gnu11;
				GCC_DYNAMIC_NO_PIC = NO;
				GCC_NO_COMMON_BLOCKS = YES;
				GCC_OPTIMIZATION_LEVEL = 0;
				GCC_PREPROCESSOR_DEFINITIONS = (
					"DEBUG=1",
					"$(inherited)",
				);
				GCC_WARN_64_TO_32_BIT_CONVERSION = YES;
				GCC_WARN_ABOUT_RETURN_TYPE = YES_ERROR;
				GCC_WARN_UNDECLARED_SELECTOR = YES;
				GCC_WARN_UNINITIALIZED_AUTOS = YES_AGGRESSIVE;
				GCC_WARN_UNUSED_FUNCTION = YES;
				GCC_WARN_UNUSED_VARIABLE = YES;
				IPHONEOS_DEPLOYMENT_TARGET = 16.0;
				MTL_ENABLE_DEBUG_INFO = INCLUDE_SOURCE;
				MTL_FAST_MATH = YES;
				ONLY_ACTIVE_ARCH = YES;
				SDKROOT = iphoneos;
				SWIFT_ACTIVE_COMPILATION_CONDITIONS = DEBUG;
				SWIFT_OPTIMIZATION_LEVEL = "-Onone";
			};
			name = Debug;
		};
		63E8EF9328EB485C00C56599 /* Release */ = {
			isa = XCBuildConfiguration;
			buildSettings = {
				ALWAYS_SEARCH_USER_PATHS = NO;
				CLANG_ANALYZER_NONNULL = YES;
				CLANG_ANALYZER_NUMBER_OBJECT_CONVERSION = YES_AGGRESSIVE;
				CLANG_CXX_LANGUAGE_STANDARD = "gnu++20";
				CLANG_ENABLE_MODULES = YES;
				CLANG_ENABLE_OBJC_ARC = YES;
				CLANG_ENABLE_OBJC_WEAK = YES;
				CLANG_WARN_BLOCK_CAPTURE_AUTORELEASING = YES;
				CLANG_WARN_BOOL_CONVERSION = YES;
				CLANG_WARN_COMMA = YES;
				CLANG_WARN_CONSTANT_CONVERSION = YES;
				CLANG_WARN_DEPRECATED_OBJC_IMPLEMENTATIONS = YES;
				CLANG_WARN_DIRECT_OBJC_ISA_USAGE = YES_ERROR;
				CLANG_WARN_DOCUMENTATION_COMMENTS = YES;
				CLANG_WARN_EMPTY_BODY = YES;
				CLANG_WARN_ENUM_CONVERSION = YES;
				CLANG_WARN_INFINITE_RECURSION = YES;
				CLANG_WARN_INT_CONVERSION = YES;
				CLANG_WARN_NON_LITERAL_NULL_CONVERSION = YES;
				CLANG_WARN_OBJC_IMPLICIT_RETAIN_SELF = YES;
				CLANG_WARN_OBJC_LITERAL_CONVERSION = YES;
				CLANG_WARN_OBJC_ROOT_CLASS = YES_ERROR;
				CLANG_WARN_QUOTED_INCLUDE_IN_FRAMEWORK_HEADER = YES;
				CLANG_WARN_RANGE_LOOP_ANALYSIS = YES;
				CLANG_WARN_STRICT_PROTOTYPES = YES;
				CLANG_WARN_SUSPICIOUS_MOVE = YES;
				CLANG_WARN_UNGUARDED_AVAILABILITY = YES_AGGRESSIVE;
				CLANG_WARN_UNREACHABLE_CODE = YES;
				CLANG_WARN__DUPLICATE_METHOD_MATCH = YES;
				COPY_PHASE_STRIP = NO;
				DEBUG_INFORMATION_FORMAT = "dwarf-with-dsym";
				ENABLE_NS_ASSERTIONS = NO;
				ENABLE_STRICT_OBJC_MSGSEND = YES;
				GCC_C_LANGUAGE_STANDARD = gnu11;
				GCC_NO_COMMON_BLOCKS = YES;
				GCC_WARN_64_TO_32_BIT_CONVERSION = YES;
				GCC_WARN_ABOUT_RETURN_TYPE = YES_ERROR;
				GCC_WARN_UNDECLARED_SELECTOR = YES;
				GCC_WARN_UNINITIALIZED_AUTOS = YES_AGGRESSIVE;
				GCC_WARN_UNUSED_FUNCTION = YES;
				GCC_WARN_UNUSED_VARIABLE = YES;
				IPHONEOS_DEPLOYMENT_TARGET = 16.0;
				MTL_ENABLE_DEBUG_INFO = NO;
				MTL_FAST_MATH = YES;
				SDKROOT = iphoneos;
				SWIFT_COMPILATION_MODE = wholemodule;
				SWIFT_OPTIMIZATION_LEVEL = "-O";
				VALIDATE_PRODUCT = YES;
			};
			name = Release;
		};
		63E8EF9528EB485C00C56599 /* Debug */ = {
			isa = XCBuildConfiguration;
			buildSettings = {
				ASSETCATALOG_COMPILER_APPICON_NAME = AppIcon;
				ASSETCATALOG_COMPILER_GLOBAL_ACCENT_COLOR_NAME = AccentColor;
				CODE_SIGN_STYLE = Automatic;
				CURRENT_PROJECT_VERSION = 1;
				DEVELOPMENT_ASSET_PATHS = "\"UserFriend/Preview Content\"";
				DEVELOPMENT_TEAM = 9DJG9ZKFSE;
				ENABLE_PREVIEWS = YES;
				GENERATE_INFOPLIST_FILE = YES;
				INFOPLIST_KEY_UIApplicationSceneManifest_Generation = YES;
				INFOPLIST_KEY_UIApplicationSupportsIndirectInputEvents = YES;
				INFOPLIST_KEY_UILaunchScreen_Generation = YES;
				INFOPLIST_KEY_UISupportedInterfaceOrientations_iPad = "UIInterfaceOrientationPortrait UIInterfaceOrientationPortraitUpsideDown UIInterfaceOrientationLandscapeLeft UIInterfaceOrientationLandscapeRight";
				INFOPLIST_KEY_UISupportedInterfaceOrientations_iPhone = "UIInterfaceOrientationPortrait UIInterfaceOrientationLandscapeLeft UIInterfaceOrientationLandscapeRight";
				LD_RUNPATH_SEARCH_PATHS = (
					"$(inherited)",
					"@executable_path/Frameworks",
				);
				MARKETING_VERSION = 1.0;
				PRODUCT_BUNDLE_IDENTIFIER = com.tonycapelli.UserFriend;
				PRODUCT_NAME = "$(TARGET_NAME)";
				SWIFT_EMIT_LOC_STRINGS = YES;
				SWIFT_VERSION = 5.0;
				TARGETED_DEVICE_FAMILY = "1,2";
			};
			name = Debug;
		};
		63E8EF9628EB485C00C56599 /* Release */ = {
			isa = XCBuildConfiguration;
			buildSettings = {
				ASSETCATALOG_COMPILER_APPICON_NAME = AppIcon;
				ASSETCATALOG_COMPILER_GLOBAL_ACCENT_COLOR_NAME = AccentColor;
				CODE_SIGN_STYLE = Automatic;
				CURRENT_PROJECT_VERSION = 1;
				DEVELOPMENT_ASSET_PATHS = "\"UserFriend/Preview Content\"";
				DEVELOPMENT_TEAM = 9DJG9ZKFSE;
				ENABLE_PREVIEWS = YES;
				GENERATE_INFOPLIST_FILE = YES;
				INFOPLIST_KEY_UIApplicationSceneManifest_Generation = YES;
				INFOPLIST_KEY_UIApplicationSupportsIndirectInputEvents = YES;
				INFOPLIST_KEY_UILaunchScreen_Generation = YES;
				INFOPLIST_KEY_UISupportedInterfaceOrientations_iPad = "UIInterfaceOrientationPortrait UIInterfaceOrientationPortraitUpsideDown UIInterfaceOrientationLandscapeLeft UIInterfaceOrientationLandscapeRight";
				INFOPLIST_KEY_UISupportedInterfaceOrientations_iPhone = "UIInterfaceOrientationPortrait UIInterfaceOrientationLandscapeLeft UIInterfaceOrientationLandscapeRight";
				LD_RUNPATH_SEARCH_PATHS = (
					"$(inherited)",
					"@executable_path/Frameworks",
				);
				MARKETING_VERSION = 1.0;
				PRODUCT_BUNDLE_IDENTIFIER = com.tonycapelli.UserFriend;
				PRODUCT_NAME = "$(TARGET_NAME)";
				SWIFT_EMIT_LOC_STRINGS = YES;
				SWIFT_VERSION = 5.0;
				TARGETED_DEVICE_FAMILY = "1,2";
			};
			name = Release;
		};
/* End XCBuildConfiguration section */

/* Begin XCConfigurationList section */
		63E8EF8128EB485B00C56599 /* Build configuration list for PBXProject "UserFriend" */ = {
			isa = XCConfigurationList;
			buildConfigurations = (
				63E8EF9228EB485C00C56599 /* Debug */,
				63E8EF9328EB485C00C56599 /* Release */,
			);
			defaultConfigurationIsVisible = 0;
			defaultConfigurationName = Release;
		};
		63E8EF9428EB485C00C56599 /* Build configuration list for PBXNativeTarget "UserFriend" */ = {
			isa = XCConfigurationList;
			buildConfigurations = (
				63E8EF9528EB485C00C56599 /* Debug */,
				63E8EF9628EB485C00C56599 /* Release */,
			);
			defaultConfigurationIsVisible = 0;
			defaultConfigurationName = Release;
		};
/* End XCConfigurationList section */

/* Begin XCVersionGroup section */
		638A47A028EC837500C26581 /* ProvaData.xcdatamodeld */ = {
			isa = XCVersionGroup;
			children = (
				638A47A128EC837500C26581 /* UserFriend.xcdatamodel */,
			);
			currentVersion = 638A47A128EC837500C26581 /* UserFriend.xcdatamodel */;
			path = ProvaData.xcdatamodeld;
			sourceTree = "<group>";
			versionGroupType = wrapper.xcdatamodel;
		};
/* End XCVersionGroup section */
	};
	rootObject = 63E8EF7E28EB485B00C56599 /* Project object */;
}
